
Microsoft Visual Studio Solution File, Format Version 12.00
# Visual Studio Version 17
VisualStudioVersion = 17.13.35825.156
MinimumVisualStudioVersion = 10.0.40219.1
Project("{FAE04EC0-301F-11D3-BF4B-00C04F79EFBC}") = "TPFinalNivel3GimenezSantiago", "TPFinalNivel3GimenezSantiago\TPFinalNivel3GimenezSantiago.csproj", "{87549CD8-8DE2-4760-9430-3F76B1E7928E}"
EndProject
Project("{FAE04EC0-301F-11D3-BF4B-00C04F79EFBC}") = "CatalogoArticulos.AccesoDatos", "CatalogoArticulos-AccesoDatos\CatalogoArticulos.AccesoDatos.csproj", "{1FB25CD6-BA98-4D96-94E2-597015C9A3B6}"
EndProject
Project("{FAE04EC0-301F-11D3-BF4B-00C04F79EFBC}") = "Dominio.Articulos", "Dominio\Dominio.Articulos.csproj", "{47CCD225-A5A1-49B6-9AD1-9F3DF55585F8}"
EndProject
Global
	GlobalSection(SolutionConfigurationPlatforms) = preSolution
		Debug|Any CPU = Debug|Any CPU
		Release|Any CPU = Release|Any CPU
	EndGlobalSection
	GlobalSection(ProjectConfigurationPlatforms) = postSolution
		{87549CD8-8DE2-4760-9430-3F76B1E7928E}.Debug|Any CPU.ActiveCfg = Debug|Any CPU
		{87549CD8-8DE2-4760-9430-3F76B1E7928E}.Debug|Any CPU.Build.0 = Debug|Any CPU
		{87549CD8-8DE2-4760-9430-3F76B1E7928E}.Release|Any CPU.ActiveCfg = Release|Any CPU
		{87549CD8-8DE2-4760-9430-3F76B1E7928E}.Release|Any CPU.Build.0 = Release|Any CPU
		{1FB25CD6-BA98-4D96-94E2-597015C9A3B6}.Debug|Any CPU.ActiveCfg = Debug|Any CPU
		{1FB25CD6-BA98-4D96-94E2-597015C9A3B6}.Debug|Any CPU.Build.0 = Debug|Any CPU
		{1FB25CD6-BA98-4D96-94E2-597015C9A3B6}.Release|Any CPU.ActiveCfg = Release|Any CPU
		{1FB25CD6-BA98-4D96-94E2-597015C9A3B6}.Release|Any CPU.Build.0 = Release|Any CPU
		{47CCD225-A5A1-49B6-9AD1-9F3DF55585F8}.Debug|Any CPU.ActiveCfg = Debug|Any CPU
		{47CCD225-A5A1-49B6-9AD1-9F3DF55585F8}.Debug|Any CPU.Build.0 = Debug|Any CPU
		{47CCD225-A5A1-49B6-9AD1-9F3DF55585F8}.Release|Any CPU.ActiveCfg = Release|Any CPU
		{47CCD225-A5A1-49B6-9AD1-9F3DF55585F8}.Release|Any CPU.Build.0 = Release|Any CPU
	EndGlobalSection
	GlobalSection(SolutionProperties) = preSolution
		HideSolutionNode = FALSE
	EndGlobalSection
	GlobalSection(ExtensibilityGlobals) = postSolution
		SolutionGuid = {17BD1232-AC12-4445-94E5-1EDD40C7065D}
	EndGlobalSection
EndGlobal
